# Generated by pub
# See https://dart.dev/tools/pub/glossary#lockfile
packages:
  ansi_modifier:
    dependency: transitive
    description:
      name: ansi_modifier
      sha256: "4b97c241f345e49c929bd56d0198b567b7dfcca7ec8d4f798745c9ced998684c"
      url: "https://pub.dev"
    source: hosted
    version: "0.1.4"
  args:
    dependency: "direct main"
    description:
      name: args
      sha256: d0481093c50b1da8910eb0bb301626d4d8eb7284aa739614d2b394ee09e3ea04
      url: "https://pub.dev"
    source: hosted
    version: "2.7.0"
  benchmark_harness:
    dependency: "direct dev"
    description:
      name: benchmark_harness
      sha256: "83f65107165883ba8623eb822daacb23dcf9f795c66841de758c9dd7c5a0cf28"
      url: "https://pub.dev"
    source: hosted
    version: "2.3.1"
  benchmark_runner:
    dependency: "direct dev"
    description:
      name: benchmark_runner
      sha256: "7de181228eb74cb34507ded2260fe88b3b71e0aacfe0dfa794df49edaf041ca3"
      url: "https://pub.dev"
    source: hosted
    version: "0.0.4"
  cherrypick:
    dependency: "direct main"
    description:
      path: "../cherrypick"
      relative: true
    source: path
    version: "3.0.0-dev.2"
  exception_templates:
    dependency: transitive
    description:
      name: exception_templates
      sha256: "517f7c770da690073663f867ee2057ae2f4ffb28edae9da9faa624aa29ac76eb"
      url: "https://pub.dev"
    source: hosted
    version: "0.3.1"
  lazy_memo:
    dependency: transitive
    description:
      name: lazy_memo
      sha256: dcb30b4184a6d767e1d779d74ce784d752d38313b8fb4bad6b659ae7af4bb34d
      url: "https://pub.dev"
    source: hosted
    version: "0.2.3"
  lints:
    dependency: "direct dev"
    description:
      name: lints
      sha256: c35bb79562d980e9a453fc715854e1ed39e24e7d0297a880ef54e17f9874a9d7
      url: "https://pub.dev"
    source: hosted
    version: "5.1.1"
  meta:
    dependency: transitive
    description:
      name: meta
      sha256: "23f08335362185a5ea2ad3a4e597f1375e78bce8a040df5c600c8d3552ef2394"
      url: "https://pub.dev"
    source: hosted
    version: "1.17.0"
sdks:
  dart: ">=3.6.0 <4.0.0"
